
Microsoft Visual Studio Solution File, Format Version 12.00
# Visual Studio Version 16
VisualStudioVersion = 16.0.31205.134
MinimumVisualStudioVersion = 10.0.40219.1
Project("{FAE04EC0-301F-11D3-BF4B-00C04F79EFBC}") = "Clinica.HelpApplication", "Clinica.HelpApplication\Clinica.HelpApplication.csproj", "{03C7600E-FC50-4AB5-860E-F8C690C8370D}"
EndProject
Global
	GlobalSection(SolutionConfigurationPlatforms) = preSolution
		Debug|Any CPU = Debug|Any CPU
		Release|Any CPU = Release|Any CPU
	EndGlobalSection
	GlobalSection(ProjectConfigurationPlatforms) = postSolution
		{03C7600E-FC50-4AB5-860E-F8C690C8370D}.Debug|Any CPU.ActiveCfg = Debug|Any CPU
		{03C7600E-FC50-4AB5-860E-F8C690C8370D}.Debug|Any CPU.Build.0 = Debug|Any CPU
		{03C7600E-FC50-4AB5-860E-F8C690C8370D}.Release|Any CPU.ActiveCfg = Release|Any CPU
		{03C7600E-FC50-4AB5-860E-F8C690C8370D}.Release|Any CPU.Build.0 = Release|Any CPU
	EndGlobalSection
	GlobalSection(SolutionProperties) = preSolution
		HideSolutionNode = FALSE
	EndGlobalSection
	GlobalSection(ExtensibilityGlobals) = postSolution
		SolutionGuid = {E8C65A9C-27BB-411E-8002-85D37A5E1164}
	EndGlobalSection
EndGlobal
